<?xml version="1.0" encoding="utf-8"?>
<Project ToolsVersion="16.0" xmlns="http://schemas.microsoft.com/developer/msbuild/2003">
  <ItemGroup>
    <ClCompile Include="C:\Users\eisba\OneDrive\Desktop\Kyber\Kyber\Source\Private\API\KyberAPIService.cpp">
      <Filter>Source Files</Filter>
    </ClCompile>
    <ClCompile Include="C:\Users\eisba\OneDrive\Desktop\Kyber\Kyber\Source\Private\Core\Main.cpp">
      <Filter>Source Files</Filter>
    </ClCompile>
    <ClCompile Include="C:\Users\eisba\OneDrive\Desktop\Kyber\Kyber\Source\Private\Core\Program.cpp">
      <Filter>Source Files</Filter>
    </ClCompile>
    <ClCompile Include="C:\Users\eisba\OneDrive\Desktop\Kyber\Kyber\Source\Private\Core\Server.cpp">
      <Filter>Source Files</Filter>
    </ClCompile>
    <ClCompile Include="C:\Users\eisba\OneDrive\Desktop\Kyber\Kyber\Source\Private\Hook\Hook.cpp">
      <Filter>Source Files</Filter>
    </ClCompile>
    <ClCompile Include="C:\Users\eisba\OneDrive\Desktop\Kyber\Kyber\Source\Private\Hook\HookManager.cpp">
      <Filter>Source Files</Filter>
    </ClCompile>
    <ClCompile Include="C:\Users\eisba\OneDrive\Desktop\Kyber\Kyber\Source\Private\Network\SocketManager.cpp">
      <Filter>Source Files</Filter>
    </ClCompile>
    <ClCompile Include="C:\Users\eisba\OneDrive\Desktop\Kyber\Kyber\Source\Private\Network\UDPSocket.cpp">
      <Filter>Source Files</Filter>
    </ClCompile>
    <ClCompile Include="C:\Users\eisba\OneDrive\Desktop\Kyber\Kyber\Source\Private\Render\Renderer.cpp">
      <Filter>Source Files</Filter>
    </ClCompile>
    <ClCompile Include="C:\Users\eisba\OneDrive\Desktop\Kyber\Kyber\Source\Private\Render\Windows\ClientWindow.cpp">
      <Filter>Source Files</Filter>
    </ClCompile>
    <ClCompile Include="C:\Users\eisba\OneDrive\Desktop\Kyber\Kyber\Source\Private\Render\Windows\CreditsWindow.cpp">
      <Filter>Source Files</Filter>
    </ClCompile>
    <ClCompile Include="C:\Users\eisba\OneDrive\Desktop\Kyber\Kyber\Source\Private\Render\Windows\MainWindow.cpp">
      <Filter>Source Files</Filter>
    </ClCompile>
    <ClCompile Include="C:\Users\eisba\OneDrive\Desktop\Kyber\Kyber\Source\Private\Render\Windows\ServerWindow.cpp">
      <Filter>Source Files</Filter>
    </ClCompile>
    <ClCompile Include="C:\Users\eisba\OneDrive\Desktop\Kyber\Kyber\Source\Private\Render\Windows\Window.cpp">
      <Filter>Source Files</Filter>
    </ClCompile>
    <ClCompile Include="C:\Users\eisba\OneDrive\Desktop\Kyber\Kyber\Source\Private\SDK\Levels.cpp">
      <Filter>Source Files</Filter>
    </ClCompile>
    <ClCompile Include="C:\Users\eisba\OneDrive\Desktop\Kyber\Kyber\Source\Private\SDK\Modes.cpp">
      <Filter>Source Files</Filter>
    </ClCompile>
    <ClCompile Include="C:\Users\eisba\OneDrive\Desktop\Kyber\Kyber\Source\Private\Utilities\ErrorUtils.cpp">
      <Filter>Source Files</Filter>
    </ClCompile>
    <ClCompile Include="C:\Users\eisba\OneDrive\Desktop\Kyber\Kyber\Source\Private\Utilities\MemoryUtils.cpp">
      <Filter>Source Files</Filter>
    </ClCompile>
    <ClCompile Include="C:\Users\eisba\OneDrive\Desktop\Kyber\Kyber\Source\Private\Utilities\PlatformUtils.cpp">
      <Filter>Source Files</Filter>
    </ClCompile>
    <ClCompile Include="C:\Users\eisba\OneDrive\Desktop\Kyber\Kyber\Libraries\Sources\imgui\imgui.cpp">
      <Filter>Source Files</Filter>
    </ClCompile>
    <ClCompile Include="C:\Users\eisba\OneDrive\Desktop\Kyber\Kyber\Libraries\Sources\imgui\imgui_demo.cpp">
      <Filter>Source Files</Filter>
    </ClCompile>
    <ClCompile Include="C:\Users\eisba\OneDrive\Desktop\Kyber\Kyber\Libraries\Sources\imgui\imgui_draw.cpp">
      <Filter>Source Files</Filter>
    </ClCompile>
    <ClCompile Include="C:\Users\eisba\OneDrive\Desktop\Kyber\Kyber\Libraries\Sources\imgui\imgui_impl_dx11.cpp">
      <Filter>Source Files</Filter>
    </ClCompile>
    <ClCompile Include="C:\Users\eisba\OneDrive\Desktop\Kyber\Kyber\Libraries\Sources\imgui\imgui_impl_win32.cpp">
      <Filter>Source Files</Filter>
    </ClCompile>
    <ClCompile Include="C:\Users\eisba\OneDrive\Desktop\Kyber\Kyber\Libraries\Sources\imgui\imgui_tables.cpp">
      <Filter>Source Files</Filter>
    </ClCompile>
    <ClCompile Include="C:\Users\eisba\OneDrive\Desktop\Kyber\Kyber\Libraries\Sources\imgui\imgui_widgets.cpp">
      <Filter>Source Files</Filter>
    </ClCompile>
  </ItemGroup>
  <ItemGroup>
    <CustomBuild Include="C:\Users\eisba\OneDrive\Desktop\Kyber\Kyber\CMakeLists.txt" />
  </ItemGroup>
  <ItemGroup>
    <Filter Include="Source Files">
      <UniqueIdentifier>{5448B064-AB56-3A8C-BD15-19D6B389D3C7}</UniqueIdentifier>
    </Filter>
  </ItemGroup>
</Project>
